<?xml version="1.0" encoding="UTF-8" standalone="yes" ?>
<CodeBlocks_project_file>
	<FileVersion major="1" minor="6" />
	<Project>
		<Option title="SmackTT" />
		<Option pch_mode="2" />
		<Option compiler="gcc" />
		<Build>
			<Target title="Debug">
				<Option output="bin\Debug\SmackTT" prefix_auto="1" extension_auto="1" />
				<Option object_output="obj\Debug\" />
				<Option type="1" />
				<Option compiler="gcc" />
				<Compiler>
					<Add option="-g" />
				</Compiler>
				<Linker>
					<Add library="..\libs\boost_1_46_1\bin.v2\libs\system\build\gcc-mingw-4.5.2\debug\link-static\threading-multi\libboost_system-mgw45-mt-d-1_46_1.a" />
				</Linker>
			</Target>
			<Target title="Release">
				<Option output="bin\Release\SmackTT" prefix_auto="1" extension_auto="1" />
				<Option object_output="obj\Release\" />
				<Option type="1" />
				<Option compiler="gcc" />
				<Compiler>
					<Add option="-O2" />
				</Compiler>
				<Linker>
					<Add option="-s" />
					<Add library="..\libs\boost_1_46_1\bin.v2\libs\system\build\gcc-mingw-4.5.2\release\link-static\threading-multi\libboost_system-mgw45-mt-1_46_1.a" />
				</Linker>
			</Target>
		</Build>
		<Compiler>
			<Add option="-Wall" />
			<Add option="-fexceptions" />
			<Add option="-D_WIN32_WINNT=0x0501" />
			<Add directory="..\libs\boost_1_46_1" />
			<Add directory="..\libs\mysql++-3.1.0\lib" />
			<Add directory="..\libs\mysql-5.5.11\include" />
		</Compiler>
		<Linker>
			<Add library="wsock32" />
			<Add library="ws2_32" />
			<Add library="mysqlpp" />
			<Add directory="..\libs\mysql++-3.1.0" />
		</Linker>
		<Unit filename="announce.h" />
		<Unit filename="announceoptionreader.cpp" />
		<Unit filename="announceoptionreader.h" />
		<Unit filename="bencodedstring.cpp" />
		<Unit filename="bencodedstring.h" />
		<Unit filename="config.cpp" />
		<Unit filename="config.h" />
		<Unit filename="connection.cpp" />
		<Unit filename="connection.h" />
		<Unit filename="database.cpp" />
		<Unit filename="database.h" />
		<Unit filename="databaseconfig.cpp" />
		<Unit filename="databaseconfig.h" />
		<Unit filename="databaseoptionreader.cpp" />
		<Unit filename="databaseoptionreader.h" />
		<Unit filename="fileoptionreader.cpp" />
		<Unit filename="fileoptionreader.h" />
		<Unit filename="main.cpp" />
		<Unit filename="option.cpp" />
		<Unit filename="option.h" />
		<Unit filename="optionmanager.cpp" />
		<Unit filename="optionmanager.h" />
		<Unit filename="optionreader.cpp" />
		<Unit filename="optionreader.h" />
		<Unit filename="server.cpp" />
		<Unit filename="server.h" />
		<Unit filename="torrent.h" />
		<Unit filename="urioptionreader.cpp" />
		<Unit filename="urioptionreader.h" />
		<Unit filename="user.h" />
		<Unit filename="utils.cpp" />
		<Unit filename="utils.h" />
		<Extensions>
			<code_completion />
			<debugger />
		</Extensions>
	</Project>
</CodeBlocks_project_file>
